
Microsoft Visual Studio Solution File, Format Version 12.00
Project("{FAE04EC0-301F-11D3-BF4B-00C04F79EFBC}") = "musicc", "musicc\musicc.csproj", "{2252379A-7915-494E-95BB-BC464E460AFE}"
EndProject
Global
	GlobalSection(SolutionConfigurationPlatforms) = preSolution
		Debug|Any CPU = Debug|Any CPU
		Release|Any CPU = Release|Any CPU
	EndGlobalSection
	GlobalSection(ProjectConfigurationPlatforms) = postSolution
		{2252379A-7915-494E-95BB-BC464E460AFE}.Debug|Any CPU.ActiveCfg = Debug|Any CPU
		{2252379A-7915-494E-95BB-BC464E460AFE}.Debug|Any CPU.Build.0 = Debug|Any CPU
		{2252379A-7915-494E-95BB-BC464E460AFE}.Release|Any CPU.ActiveCfg = Release|Any CPU
		{2252379A-7915-494E-95BB-BC464E460AFE}.Release|Any CPU.Build.0 = Release|Any CPU
	EndGlobalSection
EndGlobal
