
Microsoft Visual Studio Solution File, Format Version 12.00
# Visual Studio Version 17
VisualStudioVersion = 17.14.36518.9 d17.14
MinimumVisualStudioVersion = 10.0.40219.1
Project("{FAE04EC0-301F-11D3-BF4B-00C04F79EFBC}") = "Music++", "Music++\Music++.csproj", "{3CA8745E-E80A-4A88-AFFA-5F2F41571C76}"
EndProject
Global
	GlobalSection(SolutionConfigurationPlatforms) = preSolution
		Debug|Any CPU = Debug|Any CPU
		Release|Any CPU = Release|Any CPU
	EndGlobalSection
	GlobalSection(ProjectConfigurationPlatforms) = postSolution
		{3CA8745E-E80A-4A88-AFFA-5F2F41571C76}.Debug|Any CPU.ActiveCfg = Debug|Any CPU
		{3CA8745E-E80A-4A88-AFFA-5F2F41571C76}.Debug|Any CPU.Build.0 = Debug|Any CPU
		{3CA8745E-E80A-4A88-AFFA-5F2F41571C76}.Release|Any CPU.ActiveCfg = Release|Any CPU
		{3CA8745E-E80A-4A88-AFFA-5F2F41571C76}.Release|Any CPU.Build.0 = Release|Any CPU
	EndGlobalSection
	GlobalSection(SolutionProperties) = preSolution
		HideSolutionNode = FALSE
	EndGlobalSection
	GlobalSection(ExtensibilityGlobals) = postSolution
		SolutionGuid = {F1F08281-43BF-4C15-95BC-B0E9293F9811}
	EndGlobalSection
EndGlobal
