
Microsoft Visual Studio Solution File, Format Version 12.00
# Visual Studio Version 17
VisualStudioVersion = 17.14.36127.28 d17.14
MinimumVisualStudioVersion = 10.0.40219.1
Project("{FAE04EC0-301F-11D3-BF4B-00C04F79EFBC}") = "SpotApp_wpf", "SpotApp_wpf\SpotApp_wpf.csproj", "{3A4C3B4C-DEB7-467A-BD43-1303646484A0}"
EndProject
Global
	GlobalSection(SolutionConfigurationPlatforms) = preSolution
		Debug|Any CPU = Debug|Any CPU
		Release|Any CPU = Release|Any CPU
	EndGlobalSection
	GlobalSection(ProjectConfigurationPlatforms) = postSolution
		{3A4C3B4C-DEB7-467A-BD43-1303646484A0}.Debug|Any CPU.ActiveCfg = Debug|Any CPU
		{3A4C3B4C-DEB7-467A-BD43-1303646484A0}.Debug|Any CPU.Build.0 = Debug|Any CPU
		{3A4C3B4C-DEB7-467A-BD43-1303646484A0}.Release|Any CPU.ActiveCfg = Release|Any CPU
		{3A4C3B4C-DEB7-467A-BD43-1303646484A0}.Release|Any CPU.Build.0 = Release|Any CPU
	EndGlobalSection
	GlobalSection(SolutionProperties) = preSolution
		HideSolutionNode = FALSE
	EndGlobalSection
	GlobalSection(ExtensibilityGlobals) = postSolution
		SolutionGuid = {A0B6029B-D267-4BBA-8F68-B5B409846753}
	EndGlobalSection
EndGlobal
